github.com/blitz-frost/conv v0.3.1 h1:AhDMpdNAsYQncaC2NohgTA0JfKJHJK4Q0SPyC4C9gGQ=
github.com/blitz-frost/conv v0.3.1/go.mod h1:YWqYF2Eu7/d0FN19gwAJN8Smi36D8dBrJTKQTasa2rQ=
github.com/blitz-frost/encoding v0.2.0 h1:48aUEEjrCtkVXBAIdDWyb+yqHNJz0DhfuEvR0X/NoCI=
github.com/blitz-frost/encoding v0.2.0/go.mod h1:Wl5q4NrvG9HwS+Glfv7snHIK2sU6FgEy+cmZByXyFlE=
github.com/blitz-frost/errors v0.1.0 h1:o8iVSWPABxaaRPvUHfLJSXVZi8dnaee6Q7jy9O/Gp9k=
github.com/blitz-frost/errors v0.1.0/go.mod h1:gcHFTPpSWeRfbEB+2GkRzMhwn/VfT1BYGBdqrig5uP0=
github.com/blitz-frost/io v0.3.0 h1:i+nz9x+Pc7keBFzmutcq15PUVWe+VQ29/0mIXhGC08c=
github.com/blitz-frost/io v0.3.0/go.mod h1:MNfy11ySZjvENrO8CNtGTwCf3CfcGb97LYd9RhUPY+0=
github.com/blitz-frost/log v0.1.0 h1:FCfnn/JHIQpICVX4QCYUylu1KK2SO0u2YHEHTj3lvVY=
github.com/blitz-frost/log v0.1.0/go.mod h1:o6n/1gXSwe2zdxAIDQ54MKSU7qCJiuPJUAdcLsq8dYE=
github.com/blitz-frost/msg v0.2.0 h1:wandKzWWbwy7urkzSezmfOleGxFl3gRa10bMzZE4gek=
github.com/blitz-frost/msg v0.2.0/go.mod h1:uQy8Tigo19XA/i/GeXC3+NtTFUzD08mdagIezoN44ec=
github.com/blitz-frost/rpc v0.2.4 h1:LmTlBOd3QoqbP5BEm7YyqsoIfe1IeAhKOACJmrfEp9Q=
github.com/blitz-frost/rpc v0.2.4/go.mod h1:QsWFlOCOQUjbKrGSmUHan3RTJQxIjQVZFwaKaYYZfX8=
